# THIS IS AN AUTOGENERATED FILE. DO NOT EDIT THIS FILE DIRECTLY.
# yarn lockfile v1


"@types/prop-types@*":
  version "15.5.6"
  resolved "https://registry.yarnpkg.com/@types/prop-types/-/prop-types-15.5.6.tgz#9c03d3fed70a8d517c191b7734da2879b50ca26c"

"@types/react-native@*":
  version "0.57.6"
  resolved "https://registry.yarnpkg.com/@types/react-native/-/react-native-0.57.6.tgz#b53afeebcb19f7ba353f0937b6778d39c2cf10d0"
  dependencies:
    "@types/prop-types" "*"
    "@types/react" "*"

"@types/react-navigation@^2.0.24":
  version "2.0.24"
  resolved "https://registry.yarnpkg.com/@types/react-navigation/-/react-navigation-2.0.24.tgz#f7cb197efed1496129283c9fd33f134e8cc27803"
  dependencies:
    "@types/react" "*"
    "@types/react-native" "*"

"@types/react@*":
  version "16.4.16"
  resolved "https://registry.yarnpkg.com/@types/react/-/react-16.4.16.tgz#99f91b1200ae8c2062030402006d3b3c3a177043"
  dependencies:
    "@types/prop-types" "*"
    csstype "^2.2.0"

csstype@^2.2.0:
  version "2.5.7"
  resolved "https://registry.yarnpkg.com/csstype/-/csstype-2.5.7.tgz#bf9235d5872141eccfb2d16d82993c6b149179ff"
